buf.build/gen/go/agntcy/oasf-sdk/protocolbuffers/go v1.36.8-20250908111150-ac220391cdfd.1 h1:nYBLFN5g93jMo8k/aVAygQQEfHA3T/fwbKdCIS46VsU=
buf.build/gen/go/agntcy/oasf-sdk/protocolbuffers/go v1.36.8-20250908111150-ac220391cdfd.1/go.mod h1:1Ii0V2cEcxyRmZPjapdAEWLj+srshuuMVF7Z2PIqbSk=
buf.build/gen/go/agntcy/oasf/protocolbuffers/go v1.36.8-00000000000000-bda8dba52bd5.1 h1:MUZGkuGAC+lcOuaT7AvurFPhvCyvZFHC++bSv2rn5TY=
buf.build/gen/go/agntcy/oasf/protocolbuffers/go v1.36.8-00000000000000-bda8dba52bd5.1/go.mod h1:yidgN7N1nE24Nh9x+4FiRtacE4aI/4Ypggr0knbkPnA=
github.com/google/go-cmp v0.5.5 h1:Khx7svrCpmxxtHBq5j2mp/xVjsi8hQMfNLvJFAlrGgU=
github.com/google/go-cmp v0.5.5/go.mod h1:v8dTdLbMG2kIc/vJvl+f65V22dbkXbowE6jgT/gNBxE=
golang.org/x/xerrors v0.0.0-20191204190536-9bdfabe68543 h1:E7g+9GITq07hpfrRu66IVDexMakfv52eLZ2CXBWiKr4=
golang.org/x/xerrors v0.0.0-20191204190536-9bdfabe68543/go.mod h1:I/5z698sn9Ka8TeJc9MKroUUfqBBauWjQqLJ2OPfmY0=
google.golang.org/protobuf v1.36.8 h1:xHScyCOEuuwZEc6UtSOvPbAT4zRh0xcNRYekJwfqyMc=
google.golang.org/protobuf v1.36.8/go.mod h1:fuxRtAxBytpl4zzqUh6/eyUujkJdNiuEkXntxiD/uRU=
